
Microsoft Visual Studio Solution File, Format Version 12.00
# Visual Studio 14
VisualStudioVersion = 14.0.24720.0
MinimumVisualStudioVersion = 10.0.40219.1
Project("{FAE04EC0-301F-11D3-BF4B-00C04F79EFBC}") = "ChainCommand", "ChainCommand\ChainCommand.csproj", "{A12446BA-300D-41B3-AD57-DCEC4FA57641}"
EndProject
Global
	GlobalSection(SolutionConfigurationPlatforms) = preSolution
		Debug|Any CPU = Debug|Any CPU
		Release|Any CPU = Release|Any CPU
	EndGlobalSection
	GlobalSection(ProjectConfigurationPlatforms) = postSolution
		{A12446BA-300D-41B3-AD57-DCEC4FA57641}.Debug|Any CPU.ActiveCfg = Debug|Any CPU
		{A12446BA-300D-41B3-AD57-DCEC4FA57641}.Debug|Any CPU.Build.0 = Debug|Any CPU
		{A12446BA-300D-41B3-AD57-DCEC4FA57641}.Release|Any CPU.ActiveCfg = Release|Any CPU
		{A12446BA-300D-41B3-AD57-DCEC4FA57641}.Release|Any CPU.Build.0 = Release|Any CPU
	EndGlobalSection
	GlobalSection(SolutionProperties) = preSolution
		HideSolutionNode = FALSE
	EndGlobalSection
EndGlobal
